
Microsoft Visual Studio Solution File, Format Version 12.00
# Visual Studio Version 17
VisualStudioVersion = 17.12.35506.116
MinimumVisualStudioVersion = 10.0.40219.1
Project("{FAE04EC0-301F-11D3-BF4B-00C04F79EFBC}") = "Online IT Ticketing System", "Online IT Ticketing System\Online IT Ticketing System.csproj", "{FE111228-D0E0-4197-BDCE-FE3DB78BC3CB}"
EndProject
Global
	GlobalSection(SolutionConfigurationPlatforms) = preSolution
		Debug|Any CPU = Debug|Any CPU
		Release|Any CPU = Release|Any CPU
	EndGlobalSection
	GlobalSection(ProjectConfigurationPlatforms) = postSolution
		{FE111228-D0E0-4197-BDCE-FE3DB78BC3CB}.Debug|Any CPU.ActiveCfg = Debug|Any CPU
		{FE111228-D0E0-4197-BDCE-FE3DB78BC3CB}.Debug|Any CPU.Build.0 = Debug|Any CPU
		{FE111228-D0E0-4197-BDCE-FE3DB78BC3CB}.Release|Any CPU.ActiveCfg = Release|Any CPU
		{FE111228-D0E0-4197-BDCE-FE3DB78BC3CB}.Release|Any CPU.Build.0 = Release|Any CPU
	EndGlobalSection
	GlobalSection(SolutionProperties) = preSolution
		HideSolutionNode = FALSE
	EndGlobalSection
EndGlobal
